
Microsoft Visual Studio Solution File, Format Version 12.00
# Visual Studio Version 16
VisualStudioVersion = 16.0.35325.158
MinimumVisualStudioVersion = 10.0.40219.1
Project("{FAE04EC0-301F-11D3-BF4B-00C04F79EFBC}") = "Form0", "Form0\Form0.csproj", "{AED109CA-19DE-4665-ACFB-3E1EFE69DAF1}"
EndProject
Global
	GlobalSection(SolutionConfigurationPlatforms) = preSolution
		Debug|Any CPU = Debug|Any CPU
		Release|Any CPU = Release|Any CPU
	EndGlobalSection
	GlobalSection(ProjectConfigurationPlatforms) = postSolution
		{AED109CA-19DE-4665-ACFB-3E1EFE69DAF1}.Debug|Any CPU.ActiveCfg = Debug|Any CPU
		{AED109CA-19DE-4665-ACFB-3E1EFE69DAF1}.Debug|Any CPU.Build.0 = Debug|Any CPU
		{AED109CA-19DE-4665-ACFB-3E1EFE69DAF1}.Release|Any CPU.ActiveCfg = Release|Any CPU
		{AED109CA-19DE-4665-ACFB-3E1EFE69DAF1}.Release|Any CPU.Build.0 = Release|Any CPU
	EndGlobalSection
	GlobalSection(SolutionProperties) = preSolution
		HideSolutionNode = FALSE
	EndGlobalSection
	GlobalSection(ExtensibilityGlobals) = postSolution
		SolutionGuid = {241161AB-C0F1-4DDD-B75D-CE8C1A6B7E5F}
	EndGlobalSection
EndGlobal
